github.com/anssihalmeaho/funl v0.0.0-20211106141409-610f84828fdc/go.mod h1:CxdkogO1mxJmSy6xgenp7R5W23gKBdouhJh9xI2c31Q=
github.com/anssihalmeaho/funl v0.0.0-20211220170749-72b091e4060c h1:UmZX3ZNbCYQB/OkbWz2o22qhG99YhWYUeyynYlIjuXA=
github.com/anssihalmeaho/funl v0.0.0-20211220170749-72b091e4060c/go.mod h1:CxdkogO1mxJmSy6xgenp7R5W23gKBdouhJh9xI2c31Q=
github.com/anssihalmeaho/funl v0.0.0-20220210165841-dde9748bcbb9 h1:PBWy5b8QUZj5p8MiEomoBjIlORTSenjUOWaMdSRdecQ=
github.com/anssihalmeaho/funl v0.0.0-20220210165841-dde9748bcbb9/go.mod h1:CxdkogO1mxJmSy6xgenp7R5W23gKBdouhJh9xI2c31Q=
github.com/anssihalmeaho/fuvaluez v0.0.0-20211108180852-0b22e7f3e27a h1:SnNxlr00omNlUhmLVikJLB9o4j0YHjdkqDji8qRGK8M=
github.com/anssihalmeaho/fuvaluez v0.0.0-20211108180852-0b22e7f3e27a/go.mod h1:nHLfsxir9/Ta9hhPK4yQs6cfE2RZsddcEJXJkxXQubs=
github.com/anssihalmeaho/mzq v0.0.0-20220413180519-f706340db5d5 h1:Dq0yFapfRICfRW517o+EfNcoL3u4ksrAa7P6TcEFZfo=
github.com/anssihalmeaho/mzq v0.0.0-20220413180519-f706340db5d5/go.mod h1:9NUVbJScBwaYvnW1dwYZeJF/WY7CxsLa2hc2ieicF6M=
github.com/davecgh/go-spew v1.1.0/go.mod h1:J7Y8YcW2NihsgmVo/mv3lAwl/skON4iLHjSsI+c5H38=
github.com/pmezard/go-difflib v1.0.0/go.mod h1:iKH77koFhYxTK1pcRnkKkqfTogsbg7gZNVY4sRDYZ/4=
github.com/stretchr/objx v0.1.0/go.mod h1:HFkY916IF+rwdDfMAkV7OtwuqBVzrE8GR6GFx+wExME=
github.com/stretchr/testify v1.7.0/go.mod h1:6Fq8oRcR53rry900zMqJjRRixrwX3KX962/h/Wwjteg=
go.etcd.io/bbolt v1.3.6 h1:/ecaJf0sk1l4l6V4awd65v2C3ILy7MSj+s/x1ADCIMU=
go.etcd.io/bbolt v1.3.6/go.mod h1:qXsaaIqmgQH0T+OPdb99Bf+PKfBBQVAdyD6TY9G8XM4=
golang.org/x/sys v0.0.0-20200923182605-d9f96fdee20d h1:L/IKR6COd7ubZrs2oTnTi73IhgqJ71c9s80WsQnh0Es=
golang.org/x/sys v0.0.0-20200923182605-d9f96fdee20d/go.mod h1:h1NjWce9XRLGQEsW7wpKNCjG9DtNlClVuFLEZdDNbEs=
gopkg.in/check.v1 v0.0.0-20161208181325-20d25e280405/go.mod h1:Co6ibVJAznAaIkqp8huTwlJQCZ016jof/cbN4VW5Yz0=
gopkg.in/yaml.v3 v3.0.0-20200313102051-9f266ea9e77c/go.mod h1:K4uyk7z7BCEPqu6E+C64Yfv1cQ7kz7rIZviUmN+EgEM=
